// !$*UTF8*$!
{
	archiveVersion = 1;
	classes = {
	};
	objectVersion = 46;
	objects = {

/* Begin PBXBuildFile section */
		0CB540596AD1F59A1EA4F3A2 /* Pods_Missing_persons.framework in Frameworks */ = {isa = PBXBuildFile; fileRef = 9E0143B6620A9148D14DF78F /* Pods_Missing_persons.framework */; };
		A14523F91D244A6900738D49 /* MissingPersonCell.swift in Sources */ = {isa = PBXBuildFile; fileRef = A14523F81D244A6900738D49 /* MissingPersonCell.swift */; };
		A158A3BE1D27F4200028D9EA /* Person.swift in Sources */ = {isa = PBXBuildFile; fileRef = A158A3BD1D27F4200028D9EA /* Person.swift */; };
		A158A3C01D27F4E30028D9EA /* FaceService.swift in Sources */ = {isa = PBXBuildFile; fileRef = A158A3BF1D27F4E30028D9EA /* FaceService.swift */; };
		A1E791531D2443E40024A863 /* AppDelegate.swift in Sources */ = {isa = PBXBuildFile; fileRef = A1E791521D2443E40024A863 /* AppDelegate.swift */; };
		A1E791551D2443E40024A863 /* ViewController.swift in Sources */ = {isa = PBXBuildFile; fileRef = A1E791541D2443E40024A863 /* ViewController.swift */; };
		A1E791581D2443E40024A863 /* Main.storyboard in Resources */ = {isa = PBXBuildFile; fileRef = A1E791561D2443E40024A863 /* Main.storyboard */; };
		A1E7915B1D2443E40024A863 /* Missing_persons.xcdatamodeld in Sources */ = {isa = PBXBuildFile; fileRef = A1E791591D2443E40024A863 /* Missing_persons.xcdatamodeld */; };
		A1E7915D1D2443E40024A863 /* Assets.xcassets in Resources */ = {isa = PBXBuildFile; fileRef = A1E7915C1D2443E40024A863 /* Assets.xcassets */; };
		A1E791601D2443E40024A863 /* LaunchScreen.storyboard in Resources */ = {isa = PBXBuildFile; fileRef = A1E7915E1D2443E40024A863 /* LaunchScreen.storyboard */; };
/* End PBXBuildFile section */

/* Begin PBXFileReference section */
		60B005B692B24A6588BC48D9 /* Pods-Missing persons.release.xcconfig */ = {isa = PBXFileReference; includeInIndex = 1; lastKnownFileType = text.xcconfig; name = "Pods-Missing persons.release.xcconfig"; path = "Pods/Target Support Files/Pods-Missing persons/Pods-Missing persons.release.xcconfig"; sourceTree = "<group>"; };
		9E0143B6620A9148D14DF78F /* Pods_Missing_persons.framework */ = {isa = PBXFileReference; explicitFileType = wrapper.framework; includeInIndex = 0; path = Pods_Missing_persons.framework; sourceTree = BUILT_PRODUCTS_DIR; };
		A11DA0501D24583C009AA40E /* Missing persons-Bridging-Header.h */ = {isa = PBXFileReference; lastKnownFileType = sourcecode.c.h; path = "Missing persons-Bridging-Header.h"; sourceTree = "<group>"; };
		A11DA0531D245AD8009AA40E /* libProjectOxfordFace.a */ = {isa = PBXFileReference; lastKnownFileType = archive.ar; name = libProjectOxfordFace.a; path = "../../../Library/Developer/Xcode/DerivedData/Missing_persons-aorsbmwkdryedebwefqhqcaercyo/Build/Products/Debug-iphoneos/libProjectOxfordFace.a"; sourceTree = "<group>"; };
		A14523F81D244A6900738D49 /* MissingPersonCell.swift */ = {isa = PBXFileReference; fileEncoding = 4; lastKnownFileType = sourcecode.swift; path = MissingPersonCell.swift; sourceTree = "<group>"; };
		A158A3BD1D27F4200028D9EA /* Person.swift */ = {isa = PBXFileReference; fileEncoding = 4; lastKnownFileType = sourcecode.swift; path = Person.swift; sourceTree = "<group>"; };
		A158A3BF1D27F4E30028D9EA /* FaceService.swift */ = {isa = PBXFileReference; fileEncoding = 4; lastKnownFileType = sourcecode.swift; path = FaceService.swift; sourceTree = "<group>"; };
		A1E7914F1D2443E40024A863 /* Missing persons.app */ = {isa = PBXFileReference; explicitFileType = wrapper.application; includeInIndex = 0; path = "Missing persons.app"; sourceTree = BUILT_PRODUCTS_DIR; };
		A1E791521D2443E40024A863 /* AppDelegate.swift */ = {isa = PBXFileReference; lastKnownFileType = sourcecode.swift; path = AppDelegate.swift; sourceTree = "<group>"; };
		A1E791541D2443E40024A863 /* ViewController.swift */ = {isa = PBXFileReference; lastKnownFileType = sourcecode.swift; path = ViewController.swift; sourceTree = "<group>"; };
		A1E791571D2443E40024A863 /* Base */ = {isa = PBXFileReference; lastKnownFileType = file.storyboard; name = Base; path = Base.lproj/Main.storyboard; sourceTree = "<group>"; };
		A1E7915A1D2443E40024A863 /* Missing_persons.xcdatamodel */ = {isa = PBXFileReference; lastKnownFileType = wrapper.xcdatamodel; path = Missing_persons.xcdatamodel; sourceTree = "<group>"; };
		A1E7915C1D2443E40024A863 /* Assets.xcassets */ = {isa = PBXFileReference; lastKnownFileType = folder.assetcatalog; path = Assets.xcassets; sourceTree = "<group>"; };
		A1E7915F1D2443E40024A863 /* Base */ = {isa = PBXFileReference; lastKnownFileType = file.storyboard; name = Base; path = Base.lproj/LaunchScreen.storyboard; sourceTree = "<group>"; };
		A1E791611D2443E40024A863 /* Info.plist */ = {isa = PBXFileReference; lastKnownFileType = text.plist.xml; path = Info.plist; sourceTree = "<group>"; };
		D5BB2F68E6502D22EBB10CF2 /* Pods-Missing persons.debug.xcconfig */ = {isa = PBXFileReference; includeInIndex = 1; lastKnownFileType = text.xcconfig; name = "Pods-Missing persons.debug.xcconfig"; path = "Pods/Target Support Files/Pods-Missing persons/Pods-Missing persons.debug.xcconfig"; sourceTree = "<group>"; };
/* End PBXFileReference section */

/* Begin PBXFrameworksBuildPhase section */
		A1E7914C1D2443E40024A863 /* Frameworks */ = {
			isa = PBXFrameworksBuildPhase;
			buildActionMask = 2147483647;
			files = (
				0CB540596AD1F59A1EA4F3A2 /* Pods_Missing_persons.framework in Frameworks */,
			);
			runOnlyForDeploymentPostprocessing = 0;
		};
/* End PBXFrameworksBuildPhase section */

/* Begin PBXGroup section */
		7CD7E8881BE4F98B1CCC1803 /* Frameworks */ = {
			isa = PBXGroup;
			children = (
				A11DA0531D245AD8009AA40E /* libProjectOxfordFace.a */,
				9E0143B6620A9148D14DF78F /* Pods_Missing_persons.framework */,
			);
			name = Frameworks;
			sourceTree = "<group>";
		};
		899BC113E8636769708AD126 /* Pods */ = {
			isa = PBXGroup;
			children = (
				D5BB2F68E6502D22EBB10CF2 /* Pods-Missing persons.debug.xcconfig */,
				60B005B692B24A6588BC48D9 /* Pods-Missing persons.release.xcconfig */,
			);
			name = Pods;
			sourceTree = "<group>";
		};
		A1E791461D2443E30024A863 = {
			isa = PBXGroup;
			children = (
				A1E791511D2443E40024A863 /* Missing persons */,
				A1E791501D2443E40024A863 /* Products */,
				899BC113E8636769708AD126 /* Pods */,
				7CD7E8881BE4F98B1CCC1803 /* Frameworks */,
			);
			sourceTree = "<group>";
		};
		A1E791501D2443E40024A863 /* Products */ = {
			isa = PBXGroup;
			children = (
				A1E7914F1D2443E40024A863 /* Missing persons.app */,
			);
			name = Products;
			sourceTree = "<group>";
		};
		A1E791511D2443E40024A863 /* Missing persons */ = {
			isa = PBXGroup;
			children = (
				A1E791521D2443E40024A863 /* AppDelegate.swift */,
				A1E791541D2443E40024A863 /* ViewController.swift */,
				A1E791561D2443E40024A863 /* Main.storyboard */,
				A1E7915C1D2443E40024A863 /* Assets.xcassets */,
				A1E7915E1D2443E40024A863 /* LaunchScreen.storyboard */,
				A1E791611D2443E40024A863 /* Info.plist */,
				A1E791591D2443E40024A863 /* Missing_persons.xcdatamodeld */,
				A14523F81D244A6900738D49 /* MissingPersonCell.swift */,
				A11DA0501D24583C009AA40E /* Missing persons-Bridging-Header.h */,
				A158A3BD1D27F4200028D9EA /* Person.swift */,
				A158A3BF1D27F4E30028D9EA /* FaceService.swift */,
			);
			path = "Missing persons";
			sourceTree = "<group>";
		};
/* End PBXGroup section */

/* Begin PBXNativeTarget section */
		A1E7914E1D2443E40024A863 /* Missing persons */ = {
			isa = PBXNativeTarget;
			buildConfigurationList = A1E791641D2443E40024A863 /* Build configuration list for PBXNativeTarget "Missing persons" */;
			buildPhases = (
				21A5D2835C2867F2DF3B8D25 /* Check Pods Manifest.lock */,
				A1E7914B1D2443E40024A863 /* Sources */,
				A1E7914C1D2443E40024A863 /* Frameworks */,
				A1E7914D1D2443E40024A863 /* Resources */,
				F76BC2DCC70D0316A8E78560 /* Embed Pods Frameworks */,
				27ED71692252269ACF865386 /* Copy Pods Resources */,
			);
			buildRules = (
			);
			dependencies = (
			);
			name = "Missing persons";
			productName = "Missing persons";
			productReference = A1E7914F1D2443E40024A863 /* Missing persons.app */;
			productType = "com.apple.product-type.application";
		};
/* End PBXNativeTarget section */

/* Begin PBXProject section */
		A1E791471D2443E30024A863 /* Project object */ = {
			isa = PBXProject;
			attributes = {
				LastSwiftUpdateCheck = 0730;
				LastUpgradeCheck = 0730;
				ORGANIZATIONNAME = "Matei Suica";
				TargetAttributes = {
					A1E7914E1D2443E40024A863 = {
						CreatedOnToolsVersion = 7.3.1;
						DevelopmentTeam = J5JX55X23V;
						DevelopmentTeamName = "Matei Suica";
						LastSwiftMigration = 0800;
					};
				};
			};
			buildConfigurationList = A1E7914A1D2443E30024A863 /* Build configuration list for PBXProject "Missing persons" */;
			compatibilityVersion = "Xcode 3.2";
			developmentRegion = English;
			hasScannedForEncodings = 0;
			knownRegions = (
				en,
				Base,
			);
			mainGroup = A1E791461D2443E30024A863;
			productRefGroup = A1E791501D2443E40024A863 /* Products */;
			projectDirPath = "";
			projectRoot = "";
			targets = (
				A1E7914E1D2443E40024A863 /* Missing persons */,
			);
		};
/* End PBXProject section */

/* Begin PBXResourcesBuildPhase section */
		A1E7914D1D2443E40024A863 /* Resources */ = {
			isa = PBXResourcesBuildPhase;
			buildActionMask = 2147483647;
			files = (
				A1E791601D2443E40024A863 /* LaunchScreen.storyboard in Resources */,
				A1E7915D1D2443E40024A863 /* Assets.xcassets in Resources */,
				A1E791581D2443E40024A863 /* Main.storyboard in Resources */,
			);
			runOnlyForDeploymentPostprocessing = 0;
		};
/* End PBXResourcesBuildPhase section */

/* Begin PBXShellScriptBuildPhase section */
		21A5D2835C2867F2DF3B8D25 /* Check Pods Manifest.lock */ = {
			isa = PBXShellScriptBuildPhase;
			buildActionMask = 2147483647;
			files = (
			);
			inputPaths = (
			);
			name = "Check Pods Manifest.lock";
			outputPaths = (
			);
			runOnlyForDeploymentPostprocessing = 0;
			shellPath = /bin/sh;
			shellScript = "diff \"${PODS_ROOT}/../Podfile.lock\" \"${PODS_ROOT}/Manifest.lock\" > /dev/null\nif [[ $? != 0 ]] ; then\n    cat << EOM\nerror: The sandbox is not in sync with the Podfile.lock. Run 'pod install' or update your CocoaPods installation.\nEOM\n    exit 1\nfi\n";
			showEnvVarsInLog = 0;
		};
		27ED71692252269ACF865386 /* Copy Pods Resources */ = {
			isa = PBXShellScriptBuildPhase;
			buildActionMask = 2147483647;
			files = (
			);
			inputPaths = (
			);
			name = "Copy Pods Resources";
			outputPaths = (
			);
			runOnlyForDeploymentPostprocessing = 0;
			shellPath = /bin/sh;
			shellScript = "\"${SRCROOT}/Pods/Target Support Files/Pods-Missing persons/Pods-Missing persons-resources.sh\"\n";
			showEnvVarsInLog = 0;
		};
		F76BC2DCC70D0316A8E78560 /* Embed Pods Frameworks */ = {
			isa = PBXShellScriptBuildPhase;
			buildActionMask = 2147483647;
			files = (
			);
			inputPaths = (
			);
			name = "Embed Pods Frameworks";
			outputPaths = (
			);
			runOnlyForDeploymentPostprocessing = 0;
			shellPath = /bin/sh;
			shellScript = "\"${SRCROOT}/Pods/Target Support Files/Pods-Missing persons/Pods-Missing persons-frameworks.sh\"\n";
			showEnvVarsInLog = 0;
		};
/* End PBXShellScriptBuildPhase section */

/* Begin PBXSourcesBuildPhase section */
		A1E7914B1D2443E40024A863 /* Sources */ = {
			isa = PBXSourcesBuildPhase;
			buildActionMask = 2147483647;
			files = (
				A158A3BE1D27F4200028D9EA /* Person.swift in Sources */,
				A1E791551D2443E40024A863 /* ViewController.swift in Sources */,
				A1E791531D2443E40024A863 /* AppDelegate.swift in Sources */,
				A1E7915B1D2443E40024A863 /* Missing_persons.xcdatamodeld in Sources */,
				A158A3C01D27F4E30028D9EA /* FaceService.swift in Sources */,
				A14523F91D244A6900738D49 /* MissingPersonCell.swift in Sources */,
			);
			runOnlyForDeploymentPostprocessing = 0;
		};
/* End PBXSourcesBuildPhase section */

/* Begin PBXVariantGroup section */
		A1E791561D2443E40024A863 /* Main.storyboard */ = {
			isa = PBXVariantGroup;
			children = (
				A1E791571D2443E40024A863 /* Base */,
			);
			name = Main.storyboard;
			sourceTree = "<group>";
		};
		A1E7915E1D2443E40024A863 /* LaunchScreen.storyboard */ = {
			isa = PBXVariantGroup;
			children = (
				A1E7915F1D2443E40024A863 /* Base */,
			);
			name = LaunchScreen.storyboard;
			sourceTree = "<group>";
		};
/* End PBXVariantGroup section */

/* Begin XCBuildConfiguration section */
		A1E791621D2443E40024A863 /* Debug */ = {
			isa = XCBuildConfiguration;
			buildSettings = {
				ALWAYS_SEARCH_USER_PATHS = NO;
				CLANG_ANALYZER_NONNULL = YES;
				CLANG_CXX_LANGUAGE_STANDARD = "gnu++0x";
				CLANG_CXX_LIBRARY = "libc++";
				CLANG_ENABLE_MODULES = YES;
				CLANG_ENABLE_OBJC_ARC = YES;
				CLANG_WARN_BOOL_CONVERSION = YES;
				CLANG_WARN_CONSTANT_CONVERSION = YES;
				CLANG_WARN_DIRECT_OBJC_ISA_USAGE = YES_ERROR;
				CLANG_WARN_EMPTY_BODY = YES;
				CLANG_WARN_ENUM_CONVERSION = YES;
				CLANG_WARN_INT_CONVERSION = YES;
				CLANG_WARN_OBJC_ROOT_CLASS = YES_ERROR;
				CLANG_WARN_UNREACHABLE_CODE = YES;
				CLANG_WARN__DUPLICATE_METHOD_MATCH = YES;
				"CODE_SIGN_IDENTITY[sdk=iphoneos*]" = "iPhone Developer";
				COPY_PHASE_STRIP = NO;
				DEBUG_INFORMATION_FORMAT = dwarf;
				ENABLE_STRICT_OBJC_MSGSEND = YES;
				ENABLE_TESTABILITY = YES;
				GCC_C_LANGUAGE_STANDARD = gnu99;
				GCC_DYNAMIC_NO_PIC = NO;
				GCC_NO_COMMON_BLOCKS = YES;
				GCC_OPTIMIZATION_LEVEL = 0;
				GCC_PREPROCESSOR_DEFINITIONS = (
					"DEBUG=1",
					"$(inherited)",
				);
				GCC_WARN_64_TO_32_BIT_CONVERSION = YES;
				GCC_WARN_ABOUT_RETURN_TYPE = YES_ERROR;
				GCC_WARN_UNDECLARED_SELECTOR = YES;
				GCC_WARN_UNINITIALIZED_AUTOS = YES_AGGRESSIVE;
				GCC_WARN_UNUSED_FUNCTION = YES;
				GCC_WARN_UNUSED_VARIABLE = YES;
				IPHONEOS_DEPLOYMENT_TARGET = 9.3;
				MTL_ENABLE_DEBUG_INFO = YES;
				ONLY_ACTIVE_ARCH = YES;
				SDKROOT = iphoneos;
				SWIFT_OPTIMIZATION_LEVEL = "-Onone";
				TARGETED_DEVICE_FAMILY = "1,2";
			};
			name = Debug;
		};
		A1E791631D2443E40024A863 /* Release */ = {
			isa = XCBuildConfiguration;
			buildSettings = {
				ALWAYS_SEARCH_USER_PATHS = NO;
				CLANG_ANALYZER_NONNULL = YES;
				CLANG_CXX_LANGUAGE_STANDARD = "gnu++0x";
				CLANG_CXX_LIBRARY = "libc++";
				CLANG_ENABLE_MODULES = YES;
				CLANG_ENABLE_OBJC_ARC = YES;
				CLANG_WARN_BOOL_CONVERSION = YES;
				CLANG_WARN_CONSTANT_CONVERSION = YES;
				CLANG_WARN_DIRECT_OBJC_ISA_USAGE = YES_ERROR;
				CLANG_WARN_EMPTY_BODY = YES;
				CLANG_WARN_ENUM_CONVERSION = YES;
				CLANG_WARN_INT_CONVERSION = YES;
				CLANG_WARN_OBJC_ROOT_CLASS = YES_ERROR;
				CLANG_WARN_UNREACHABLE_CODE = YES;
				CLANG_WARN__DUPLICATE_METHOD_MATCH = YES;
				"CODE_SIGN_IDENTITY[sdk=iphoneos*]" = "iPhone Developer";
				COPY_PHASE_STRIP = NO;
				DEBUG_INFORMATION_FORMAT = "dwarf-with-dsym";
				ENABLE_NS_ASSERTIONS = NO;
				ENABLE_STRICT_OBJC_MSGSEND = YES;
				GCC_C_LANGUAGE_STANDARD = gnu99;
				GCC_NO_COMMON_BLOCKS = YES;
				GCC_WARN_64_TO_32_BIT_CONVERSION = YES;
				GCC_WARN_ABOUT_RETURN_TYPE = YES_ERROR;
				GCC_WARN_UNDECLARED_SELECTOR = YES;
				GCC_WARN_UNINITIALIZED_AUTOS = YES_AGGRESSIVE;
				GCC_WARN_UNUSED_FUNCTION = YES;
				GCC_WARN_UNUSED_VARIABLE = YES;
				IPHONEOS_DEPLOYMENT_TARGET = 9.3;
				MTL_ENABLE_DEBUG_INFO = NO;
				SDKROOT = iphoneos;
				TARGETED_DEVICE_FAMILY = "1,2";
				VALIDATE_PRODUCT = YES;
			};
			name = Release;
		};
		A1E791651D2443E40024A863 /* Debug */ = {
			isa = XCBuildConfiguration;
			baseConfigurationReference = D5BB2F68E6502D22EBB10CF2 /* Pods-Missing persons.debug.xcconfig */;
			buildSettings = {
				ALWAYS_SEARCH_USER_PATHS = NO;
				ASSETCATALOG_COMPILER_APPICON_NAME = AppIcon;
				CLANG_ENABLE_MODULES = YES;
				FRAMEWORK_SEARCH_PATHS = "";
				INFOPLIST_FILE = "Missing persons/Info.plist";
				LD_RUNPATH_SEARCH_PATHS = "$(inherited) @executable_path/Frameworks";
				PRODUCT_BUNDLE_IDENTIFIER = "ro.quadroq.Missing-persons";
				PRODUCT_NAME = "$(TARGET_NAME)";
				SWIFT_OBJC_BRIDGING_HEADER = "Missing persons/Missing persons-Bridging-Header.h";
				SWIFT_OPTIMIZATION_LEVEL = "-Onone";
				SWIFT_VERSION = 3.0;
			};
			name = Debug;
		};
		A1E791661D2443E40024A863 /* Release */ = {
			isa = XCBuildConfiguration;
			baseConfigurationReference = 60B005B692B24A6588BC48D9 /* Pods-Missing persons.release.xcconfig */;
			buildSettings = {
				ALWAYS_SEARCH_USER_PATHS = NO;
				ASSETCATALOG_COMPILER_APPICON_NAME = AppIcon;
				CLANG_ENABLE_MODULES = YES;
				FRAMEWORK_SEARCH_PATHS = "";
				INFOPLIST_FILE = "Missing persons/Info.plist";
				LD_RUNPATH_SEARCH_PATHS = "$(inherited) @executable_path/Frameworks";
				PRODUCT_BUNDLE_IDENTIFIER = "ro.quadroq.Missing-persons";
				PRODUCT_NAME = "$(TARGET_NAME)";
				SWIFT_OBJC_BRIDGING_HEADER = "Missing persons/Missing persons-Bridging-Header.h";
				SWIFT_VERSION = 3.0;
			};
			name = Release;
		};
/* End XCBuildConfiguration section */

/* Begin XCConfigurationList section */
		A1E7914A1D2443E30024A863 /* Build configuration list for PBXProject "Missing persons" */ = {
			isa = XCConfigurationList;
			buildConfigurations = (
				A1E791621D2443E40024A863 /* Debug */,
				A1E791631D2443E40024A863 /* Release */,
			);
			defaultConfigurationIsVisible = 0;
			defaultConfigurationName = Release;
		};
		A1E791641D2443E40024A863 /* Build configuration list for PBXNativeTarget "Missing persons" */ = {
			isa = XCConfigurationList;
			buildConfigurations = (
				A1E791651D2443E40024A863 /* Debug */,
				A1E791661D2443E40024A863 /* Release */,
			);
			defaultConfigurationIsVisible = 0;
			defaultConfigurationName = Release;
		};
/* End XCConfigurationList section */

/* Begin XCVersionGroup section */
		A1E791591D2443E40024A863 /* Missing_persons.xcdatamodeld */ = {
			isa = XCVersionGroup;
			children = (
				A1E7915A1D2443E40024A863 /* Missing_persons.xcdatamodel */,
			);
			currentVersion = A1E7915A1D2443E40024A863 /* Missing_persons.xcdatamodel */;
			path = Missing_persons.xcdatamodeld;
			sourceTree = "<group>";
			versionGroupType = wrapper.xcdatamodel;
		};
/* End XCVersionGroup section */
	};
	rootObject = A1E791471D2443E30024A863 /* Project object */;
}
