// !$*UTF8*$!
{
	archiveVersion = 1;
	classes = {
	};
	objectVersion = 46;
	objects = {

/* Begin PBXBuildFile section */
		A1E087A71C8A0CBF0074BAC8 /* AppDelegate.swift in Sources */ = {isa = PBXBuildFile; fileRef = A1E087A61C8A0CBF0074BAC8 /* AppDelegate.swift */; };
		A1E087A91C8A0CBF0074BAC8 /* ViewController.swift in Sources */ = {isa = PBXBuildFile; fileRef = A1E087A81C8A0CBF0074BAC8 /* ViewController.swift */; };
		A1E087AC1C8A0CBF0074BAC8 /* Main.storyboard in Resources */ = {isa = PBXBuildFile; fileRef = A1E087AA1C8A0CBF0074BAC8 /* Main.storyboard */; };
		A1E087AE1C8A0CBF0074BAC8 /* Assets.xcassets in Resources */ = {isa = PBXBuildFile; fileRef = A1E087AD1C8A0CBF0074BAC8 /* Assets.xcassets */; };
		A1E087B11C8A0CBF0074BAC8 /* LaunchScreen.storyboard in Resources */ = {isa = PBXBuildFile; fileRef = A1E087AF1C8A0CBF0074BAC8 /* LaunchScreen.storyboard */; };
		A1E087B91C8A18370074BAC8 /* Meme.swift in Sources */ = {isa = PBXBuildFile; fileRef = A1E087B81C8A18370074BAC8 /* Meme.swift */; };
		A1E087BB1C8C63EF0074BAC8 /* SentMemesViewController.swift in Sources */ = {isa = PBXBuildFile; fileRef = A1E087BA1C8C63EF0074BAC8 /* SentMemesViewController.swift */; };
		A1E087BD1C8C9D410074BAC8 /* TableViewCell.swift in Sources */ = {isa = PBXBuildFile; fileRef = A1E087BC1C8C9D410074BAC8 /* TableViewCell.swift */; };
		A1E087BF1C8C9DD20074BAC8 /* TableViewController.swift in Sources */ = {isa = PBXBuildFile; fileRef = A1E087BE1C8C9DD20074BAC8 /* TableViewController.swift */; };
		A1E087C11C8C9FF90074BAC8 /* CollectionViewCell.swift in Sources */ = {isa = PBXBuildFile; fileRef = A1E087C01C8C9FF90074BAC8 /* CollectionViewCell.swift */; };
		A1E087C31C8CA0750074BAC8 /* CollectionViewController.swift in Sources */ = {isa = PBXBuildFile; fileRef = A1E087C21C8CA0750074BAC8 /* CollectionViewController.swift */; };
/* End PBXBuildFile section */

/* Begin PBXFileReference section */
		A1E087A31C8A0CBF0074BAC8 /* MemeMe.app */ = {isa = PBXFileReference; explicitFileType = wrapper.application; includeInIndex = 0; path = MemeMe.app; sourceTree = BUILT_PRODUCTS_DIR; };
		A1E087A61C8A0CBF0074BAC8 /* AppDelegate.swift */ = {isa = PBXFileReference; lastKnownFileType = sourcecode.swift; path = AppDelegate.swift; sourceTree = "<group>"; };
		A1E087A81C8A0CBF0074BAC8 /* ViewController.swift */ = {isa = PBXFileReference; lastKnownFileType = sourcecode.swift; path = ViewController.swift; sourceTree = "<group>"; };
		A1E087AB1C8A0CBF0074BAC8 /* Base */ = {isa = PBXFileReference; lastKnownFileType = file.storyboard; name = Base; path = Base.lproj/Main.storyboard; sourceTree = "<group>"; };
		A1E087AD1C8A0CBF0074BAC8 /* Assets.xcassets */ = {isa = PBXFileReference; lastKnownFileType = folder.assetcatalog; path = Assets.xcassets; sourceTree = "<group>"; };
		A1E087B01C8A0CBF0074BAC8 /* Base */ = {isa = PBXFileReference; lastKnownFileType = file.storyboard; name = Base; path = Base.lproj/LaunchScreen.storyboard; sourceTree = "<group>"; };
		A1E087B21C8A0CBF0074BAC8 /* Info.plist */ = {isa = PBXFileReference; lastKnownFileType = text.plist.xml; path = Info.plist; sourceTree = "<group>"; };
		A1E087B81C8A18370074BAC8 /* Meme.swift */ = {isa = PBXFileReference; fileEncoding = 4; lastKnownFileType = sourcecode.swift; path = Meme.swift; sourceTree = "<group>"; };
		A1E087BA1C8C63EF0074BAC8 /* SentMemesViewController.swift */ = {isa = PBXFileReference; fileEncoding = 4; lastKnownFileType = sourcecode.swift; path = SentMemesViewController.swift; sourceTree = "<group>"; };
		A1E087BC1C8C9D410074BAC8 /* TableViewCell.swift */ = {isa = PBXFileReference; fileEncoding = 4; lastKnownFileType = sourcecode.swift; path = TableViewCell.swift; sourceTree = "<group>"; };
		A1E087BE1C8C9DD20074BAC8 /* TableViewController.swift */ = {isa = PBXFileReference; fileEncoding = 4; lastKnownFileType = sourcecode.swift; path = TableViewController.swift; sourceTree = "<group>"; };
		A1E087C01C8C9FF90074BAC8 /* CollectionViewCell.swift */ = {isa = PBXFileReference; fileEncoding = 4; lastKnownFileType = sourcecode.swift; path = CollectionViewCell.swift; sourceTree = "<group>"; };
		A1E087C21C8CA0750074BAC8 /* CollectionViewController.swift */ = {isa = PBXFileReference; fileEncoding = 4; lastKnownFileType = sourcecode.swift; path = CollectionViewController.swift; sourceTree = "<group>"; };
/* End PBXFileReference section */

/* Begin PBXFrameworksBuildPhase section */
		A1E087A01C8A0CBF0074BAC8 /* Frameworks */ = {
			isa = PBXFrameworksBuildPhase;
			buildActionMask = 2147483647;
			files = (
			);
			runOnlyForDeploymentPostprocessing = 0;
		};
/* End PBXFrameworksBuildPhase section */

/* Begin PBXGroup section */
		A1E0879A1C8A0CBF0074BAC8 = {
			isa = PBXGroup;
			children = (
				A1E087A51C8A0CBF0074BAC8 /* MemeMe */,
				A1E087A41C8A0CBF0074BAC8 /* Products */,
			);
			sourceTree = "<group>";
		};
		A1E087A41C8A0CBF0074BAC8 /* Products */ = {
			isa = PBXGroup;
			children = (
				A1E087A31C8A0CBF0074BAC8 /* MemeMe.app */,
			);
			name = Products;
			sourceTree = "<group>";
		};
		A1E087A51C8A0CBF0074BAC8 /* MemeMe */ = {
			isa = PBXGroup;
			children = (
				A1E087A61C8A0CBF0074BAC8 /* AppDelegate.swift */,
				A1E087A81C8A0CBF0074BAC8 /* ViewController.swift */,
				A1E087B81C8A18370074BAC8 /* Meme.swift */,
				A1E087AA1C8A0CBF0074BAC8 /* Main.storyboard */,
				A1E087C01C8C9FF90074BAC8 /* CollectionViewCell.swift */,
				A1E087C21C8CA0750074BAC8 /* CollectionViewController.swift */,
				A1E087BE1C8C9DD20074BAC8 /* TableViewController.swift */,
				A1E087BC1C8C9D410074BAC8 /* TableViewCell.swift */,
				A1E087AD1C8A0CBF0074BAC8 /* Assets.xcassets */,
				A1E087AF1C8A0CBF0074BAC8 /* LaunchScreen.storyboard */,
				A1E087B21C8A0CBF0074BAC8 /* Info.plist */,
				A1E087BA1C8C63EF0074BAC8 /* SentMemesViewController.swift */,
			);
			path = MemeMe;
			sourceTree = "<group>";
		};
/* End PBXGroup section */

/* Begin PBXNativeTarget section */
		A1E087A21C8A0CBF0074BAC8 /* MemeMe */ = {
			isa = PBXNativeTarget;
			buildConfigurationList = A1E087B51C8A0CBF0074BAC8 /* Build configuration list for PBXNativeTarget "MemeMe" */;
			buildPhases = (
				A1E0879F1C8A0CBF0074BAC8 /* Sources */,
				A1E087A01C8A0CBF0074BAC8 /* Frameworks */,
				A1E087A11C8A0CBF0074BAC8 /* Resources */,
			);
			buildRules = (
			);
			dependencies = (
			);
			name = MemeMe;
			productName = MemeMe;
			productReference = A1E087A31C8A0CBF0074BAC8 /* MemeMe.app */;
			productType = "com.apple.product-type.application";
		};
/* End PBXNativeTarget section */

/* Begin PBXProject section */
		A1E0879B1C8A0CBF0074BAC8 /* Project object */ = {
			isa = PBXProject;
			attributes = {
				LastSwiftUpdateCheck = 0720;
				LastUpgradeCheck = 0720;
				ORGANIZATIONNAME = QuadroQ;
				TargetAttributes = {
					A1E087A21C8A0CBF0074BAC8 = {
						CreatedOnToolsVersion = 7.2.1;
					};
				};
			};
			buildConfigurationList = A1E0879E1C8A0CBF0074BAC8 /* Build configuration list for PBXProject "MemeMe" */;
			compatibilityVersion = "Xcode 3.2";
			developmentRegion = English;
			hasScannedForEncodings = 0;
			knownRegions = (
				en,
				Base,
			);
			mainGroup = A1E0879A1C8A0CBF0074BAC8;
			productRefGroup = A1E087A41C8A0CBF0074BAC8 /* Products */;
			projectDirPath = "";
			projectRoot = "";
			targets = (
				A1E087A21C8A0CBF0074BAC8 /* MemeMe */,
			);
		};
/* End PBXProject section */

/* Begin PBXResourcesBuildPhase section */
		A1E087A11C8A0CBF0074BAC8 /* Resources */ = {
			isa = PBXResourcesBuildPhase;
			buildActionMask = 2147483647;
			files = (
				A1E087B11C8A0CBF0074BAC8 /* LaunchScreen.storyboard in Resources */,
				A1E087AE1C8A0CBF0074BAC8 /* Assets.xcassets in Resources */,
				A1E087AC1C8A0CBF0074BAC8 /* Main.storyboard in Resources */,
			);
			runOnlyForDeploymentPostprocessing = 0;
		};
/* End PBXResourcesBuildPhase section */

/* Begin PBXSourcesBuildPhase section */
		A1E0879F1C8A0CBF0074BAC8 /* Sources */ = {
			isa = PBXSourcesBuildPhase;
			buildActionMask = 2147483647;
			files = (
				A1E087BD1C8C9D410074BAC8 /* TableViewCell.swift in Sources */,
				A1E087BF1C8C9DD20074BAC8 /* TableViewController.swift in Sources */,
				A1E087BB1C8C63EF0074BAC8 /* SentMemesViewController.swift in Sources */,
				A1E087C11C8C9FF90074BAC8 /* CollectionViewCell.swift in Sources */,
				A1E087C31C8CA0750074BAC8 /* CollectionViewController.swift in Sources */,
				A1E087B91C8A18370074BAC8 /* Meme.swift in Sources */,
				A1E087A91C8A0CBF0074BAC8 /* ViewController.swift in Sources */,
				A1E087A71C8A0CBF0074BAC8 /* AppDelegate.swift in Sources */,
			);
			runOnlyForDeploymentPostprocessing = 0;
		};
/* End PBXSourcesBuildPhase section */

/* Begin PBXVariantGroup section */
		A1E087AA1C8A0CBF0074BAC8 /* Main.storyboard */ = {
			isa = PBXVariantGroup;
			children = (
				A1E087AB1C8A0CBF0074BAC8 /* Base */,
			);
			name = Main.storyboard;
			sourceTree = "<group>";
		};
		A1E087AF1C8A0CBF0074BAC8 /* LaunchScreen.storyboard */ = {
			isa = PBXVariantGroup;
			children = (
				A1E087B01C8A0CBF0074BAC8 /* Base */,
			);
			name = LaunchScreen.storyboard;
			sourceTree = "<group>";
		};
/* End PBXVariantGroup section */

/* Begin XCBuildConfiguration section */
		A1E087B31C8A0CBF0074BAC8 /* Debug */ = {
			isa = XCBuildConfiguration;
			buildSettings = {
				ALWAYS_SEARCH_USER_PATHS = NO;
				CLANG_CXX_LANGUAGE_STANDARD = "gnu++0x";
				CLANG_CXX_LIBRARY = "libc++";
				CLANG_ENABLE_MODULES = YES;
				CLANG_ENABLE_OBJC_ARC = YES;
				CLANG_WARN_BOOL_CONVERSION = YES;
				CLANG_WARN_CONSTANT_CONVERSION = YES;
				CLANG_WARN_DIRECT_OBJC_ISA_USAGE = YES_ERROR;
				CLANG_WARN_EMPTY_BODY = YES;
				CLANG_WARN_ENUM_CONVERSION = YES;
				CLANG_WARN_INT_CONVERSION = YES;
				CLANG_WARN_OBJC_ROOT_CLASS = YES_ERROR;
				CLANG_WARN_UNREACHABLE_CODE = YES;
				CLANG_WARN__DUPLICATE_METHOD_MATCH = YES;
				"CODE_SIGN_IDENTITY[sdk=iphoneos*]" = "iPhone Developer";
				COPY_PHASE_STRIP = NO;
				DEBUG_INFORMATION_FORMAT = dwarf;
				ENABLE_STRICT_OBJC_MSGSEND = YES;
				ENABLE_TESTABILITY = YES;
				GCC_C_LANGUAGE_STANDARD = gnu99;
				GCC_DYNAMIC_NO_PIC = NO;
				GCC_NO_COMMON_BLOCKS = YES;
				GCC_OPTIMIZATION_LEVEL = 0;
				GCC_PREPROCESSOR_DEFINITIONS = (
					"DEBUG=1",
					"$(inherited)",
				);
				GCC_WARN_64_TO_32_BIT_CONVERSION = YES;
				GCC_WARN_ABOUT_RETURN_TYPE = YES_ERROR;
				GCC_WARN_UNDECLARED_SELECTOR = YES;
				GCC_WARN_UNINITIALIZED_AUTOS = YES_AGGRESSIVE;
				GCC_WARN_UNUSED_FUNCTION = YES;
				GCC_WARN_UNUSED_VARIABLE = YES;
				IPHONEOS_DEPLOYMENT_TARGET = 9.2;
				MTL_ENABLE_DEBUG_INFO = YES;
				ONLY_ACTIVE_ARCH = YES;
				SDKROOT = iphoneos;
				SWIFT_OPTIMIZATION_LEVEL = "-Onone";
				TARGETED_DEVICE_FAMILY = "1,2";
			};
			name = Debug;
		};
		A1E087B41C8A0CBF0074BAC8 /* Release */ = {
			isa = XCBuildConfiguration;
			buildSettings = {
				ALWAYS_SEARCH_USER_PATHS = NO;
				CLANG_CXX_LANGUAGE_STANDARD = "gnu++0x";
				CLANG_CXX_LIBRARY = "libc++";
				CLANG_ENABLE_MODULES = YES;
				CLANG_ENABLE_OBJC_ARC = YES;
				CLANG_WARN_BOOL_CONVERSION = YES;
				CLANG_WARN_CONSTANT_CONVERSION = YES;
				CLANG_WARN_DIRECT_OBJC_ISA_USAGE = YES_ERROR;
				CLANG_WARN_EMPTY_BODY = YES;
				CLANG_WARN_ENUM_CONVERSION = YES;
				CLANG_WARN_INT_CONVERSION = YES;
				CLANG_WARN_OBJC_ROOT_CLASS = YES_ERROR;
				CLANG_WARN_UNREACHABLE_CODE = YES;
				CLANG_WARN__DUPLICATE_METHOD_MATCH = YES;
				"CODE_SIGN_IDENTITY[sdk=iphoneos*]" = "iPhone Developer";
				COPY_PHASE_STRIP = NO;
				DEBUG_INFORMATION_FORMAT = "dwarf-with-dsym";
				ENABLE_NS_ASSERTIONS = NO;
				ENABLE_STRICT_OBJC_MSGSEND = YES;
				GCC_C_LANGUAGE_STANDARD = gnu99;
				GCC_NO_COMMON_BLOCKS = YES;
				GCC_WARN_64_TO_32_BIT_CONVERSION = YES;
				GCC_WARN_ABOUT_RETURN_TYPE = YES_ERROR;
				GCC_WARN_UNDECLARED_SELECTOR = YES;
				GCC_WARN_UNINITIALIZED_AUTOS = YES_AGGRESSIVE;
				GCC_WARN_UNUSED_FUNCTION = YES;
				GCC_WARN_UNUSED_VARIABLE = YES;
				IPHONEOS_DEPLOYMENT_TARGET = 9.2;
				MTL_ENABLE_DEBUG_INFO = NO;
				SDKROOT = iphoneos;
				TARGETED_DEVICE_FAMILY = "1,2";
				VALIDATE_PRODUCT = YES;
			};
			name = Release;
		};
		A1E087B61C8A0CBF0074BAC8 /* Debug */ = {
			isa = XCBuildConfiguration;
			buildSettings = {
				ASSETCATALOG_COMPILER_APPICON_NAME = AppIcon;
				INFOPLIST_FILE = MemeMe/Info.plist;
				LD_RUNPATH_SEARCH_PATHS = "$(inherited) @executable_path/Frameworks";
				PRODUCT_BUNDLE_IDENTIFIER = ro.quadroq.MemeMe;
				PRODUCT_NAME = "$(TARGET_NAME)";
			};
			name = Debug;
		};
		A1E087B71C8A0CBF0074BAC8 /* Release */ = {
			isa = XCBuildConfiguration;
			buildSettings = {
				ASSETCATALOG_COMPILER_APPICON_NAME = AppIcon;
				INFOPLIST_FILE = MemeMe/Info.plist;
				LD_RUNPATH_SEARCH_PATHS = "$(inherited) @executable_path/Frameworks";
				PRODUCT_BUNDLE_IDENTIFIER = ro.quadroq.MemeMe;
				PRODUCT_NAME = "$(TARGET_NAME)";
			};
			name = Release;
		};
/* End XCBuildConfiguration section */

/* Begin XCConfigurationList section */
		A1E0879E1C8A0CBF0074BAC8 /* Build configuration list for PBXProject "MemeMe" */ = {
			isa = XCConfigurationList;
			buildConfigurations = (
				A1E087B31C8A0CBF0074BAC8 /* Debug */,
				A1E087B41C8A0CBF0074BAC8 /* Release */,
			);
			defaultConfigurationIsVisible = 0;
			defaultConfigurationName = Release;
		};
		A1E087B51C8A0CBF0074BAC8 /* Build configuration list for PBXNativeTarget "MemeMe" */ = {
			isa = XCConfigurationList;
			buildConfigurations = (
				A1E087B61C8A0CBF0074BAC8 /* Debug */,
				A1E087B71C8A0CBF0074BAC8 /* Release */,
			);
			defaultConfigurationIsVisible = 0;
		};
/* End XCConfigurationList section */
	};
	rootObject = A1E0879B1C8A0CBF0074BAC8 /* Project object */;
}
